github.com/go-sql-driver/mysql v1.7.0 h1:ueSltNNllEqE3qcWBTD0iQd3IpL/6U+mJxLkazJ7YPc=
github.com/go-sql-driver/mysql v1.7.0/go.mod h1:OXbVy3sEdcQ2Doequ6Z5BW6fXNQTmx+9S1MCJN5yJMI=
github.com/golang-jwt/jwt v3.2.2+incompatible h1:IfV12K8xAKAnZqdXVzCZ+TOjboZ2keLg81eXfW3O+oY=
github.com/golang-jwt/jwt v3.2.2+incompatible/go.mod h1:8pz2t5EyA70fFQQSrl6XZXzqecmYZeUEB8OUGHkxJ+I=
github.com/google/uuid v1.6.0 h1:NIvaJDMOsjHA8n1jAhLSgzrAzy1Hgr+hNrb57e+94F0=
github.com/google/uuid v1.6.0/go.mod h1:TIyPZe4MgqvfeYDBFedMoGGpEw/LqOeaOT+nhxU+yHo=
github.com/jinzhu/inflection v1.0.0 h1:K317FqzuhWc8YvSVlFMCCUb36O/S9MCKRDI7QkRKD/E=
github.com/jinzhu/inflection v1.0.0/go.mod h1:h+uFLlag+Qp1Va5pdKtLDYj+kHp5pxUVkryuEj+Srlc=
github.com/jinzhu/now v1.1.4/go.mod h1:d3SSVoowX0Lcu0IBviAWJpolVfI5UJVZZ7cO71lE/z8=
github.com/jinzhu/now v1.1.5 h1:/o9tlHleP7gOFmsnYNz3RGnqzefHA47wQpKrrdTIwXQ=
github.com/jinzhu/now v1.1.5/go.mod h1:d3SSVoowX0Lcu0IBviAWJpolVfI5UJVZZ7cO71lE/z8=
github.com/spurtcms/auth v0.0.0-20240405121723-db35cf465418 h1:nHsYhQuo+cCiezFtKo6ffgCBDpTX/AQSLREKNWVLJwM=
github.com/spurtcms/auth v0.0.0-20240405121723-db35cf465418/go.mod h1:twSrHwCvx8mSOtS75Vcjoo4jLNX3jIf7NLadvZH932c=
github.com/spurtcms/auth v0.0.0-20240408103324-e2b7dc7dcac1 h1:8poq9DT6nLFe6Eivp/mWRpRVXhMfvORWbRfwcgJZHAI=
github.com/spurtcms/auth v0.0.0-20240408103324-e2b7dc7dcac1/go.mod h1:twSrHwCvx8mSOtS75Vcjoo4jLNX3jIf7NLadvZH932c=
github.com/spurtcms/categories v0.0.0-20240412120409-33a35a711a2a h1:u80UfwbgP/vaYPgCGvgzaVmBdRuqpjUcafTUnihZ9Y0=
github.com/spurtcms/categories v0.0.0-20240412120409-33a35a711a2a/go.mod h1:rPrXi7aK4YHGYV6JjA9zyvcqP1fZXIon3k5iBo2BBz8=
github.com/spurtcms/member v0.0.0-20240404121904-b393756a414f h1:z1hJ2TpZv0ClMqfy46aTIWMVnP1lDgLaTR5QzMt5aWA=
github.com/spurtcms/member v0.0.0-20240404121904-b393756a414f/go.mod h1:nAZ7M+buGaygvEuBNS5kx+NKe718Qqi7qWLOmrt47cE=
github.com/spurtcms/member-access v0.0.0-20240417065557-5d9d2a136a58 h1:pMfkTi/azQqknvR9yQTsToF30pMLYO54Z0IX4YT5d68=
github.com/spurtcms/member-access v0.0.0-20240417065557-5d9d2a136a58/go.mod h1:K5471wn+y+SU1yAEyIZDuyRpZeJcV4iyuJz4XsOz0eg=
github.com/spurtcms/team v0.0.0-20240412134927-73aa24961d8e h1:uJpPqXjrCV0vQWcGU6arqd1hDisMQ6icaFAICDdIjjo=
github.com/spurtcms/team v0.0.0-20240412134927-73aa24961d8e/go.mod h1:RGowQUUv0M3o6QYzlxWMQUIEXJRYwJAgY6rlc508kTM=
github.com/spurtcms/team-roles v0.0.0-20240408120508-91359eac1f8d h1:zMMmAe+Sil0Bm+4zxEMaWoN9Jw+CuxLjU10P/GlzvOs=
github.com/spurtcms/team-roles v0.0.0-20240408120508-91359eac1f8d/go.mod h1:5HOK30Lr10UQ1HLmXcPaluBRPCLUcYgQg31vBQYKoRQ=
github.com/spurtcms/team-roles v0.0.0-20240412124411-68306085d01b h1:mrShlDGupqPB0KOdiy0Bq462ZwgTHkrm5QBiY/NeI1I=
github.com/spurtcms/team-roles v0.0.0-20240412124411-68306085d01b/go.mod h1:5HOK30Lr10UQ1HLmXcPaluBRPCLUcYgQg31vBQYKoRQ=
golang.org/x/crypto v0.21.0 h1:X31++rzVUdKhX5sWmSOFZxx8UW/ldWx55cbf08iNAMA=
golang.org/x/crypto v0.21.0/go.mod h1:0BP7YvVV9gBbVKyeTG0Gyn+gZm94bibOW5BjDEYAOMs=
gorm.io/datatypes v1.2.0 h1:5YT+eokWdIxhJgWHdrb2zYUimyk0+TaFth+7a0ybzco=
gorm.io/datatypes v1.2.0/go.mod h1:o1dh0ZvjIjhH/bngTpypG6lVRJ5chTBxE09FH/71k04=
gorm.io/driver/mysql v1.4.7 h1:rY46lkCspzGHn7+IYsNpSfEv9tA+SU4SkkB+GFX125Y=
gorm.io/driver/mysql v1.4.7/go.mod h1:SxzItlnT1cb6e1e4ZRpgJN2VYtcqJgqnHxWr4wsP8oc=
gorm.io/gorm v1.23.8/go.mod h1:l2lP/RyAtc1ynaTjFksBde/O8v9oOGIApu2/xRitmZk=
gorm.io/gorm v1.25.9 h1:wct0gxZIELDk8+ZqF/MVnHLkA1rvYlBWUMv2EdsK1g8=
gorm.io/gorm v1.25.9/go.mod h1:hbnx/Oo0ChWMn1BIhpy1oYozzpM15i4YPuHDmfYtwg8=
