github.com/davecgh/go-spew v1.1.0/go.mod h1:J7Y8YcW2NihsgmVo/mv3lAwl/skON4iLHjSsI+c5H38=
github.com/davecgh/go-spew v1.1.1 h1:vj9j/u1bqnvCEfJOwUhtlOARqs3+rkHYY13jYWTU97c=
github.com/go-sql-driver/mysql v1.7.0 h1:ueSltNNllEqE3qcWBTD0iQd3IpL/6U+mJxLkazJ7YPc=
github.com/go-sql-driver/mysql v1.7.0/go.mod h1:OXbVy3sEdcQ2Doequ6Z5BW6fXNQTmx+9S1MCJN5yJMI=
github.com/golang-jwt/jwt v3.2.2+incompatible h1:IfV12K8xAKAnZqdXVzCZ+TOjboZ2keLg81eXfW3O+oY=
github.com/golang-jwt/jwt v3.2.2+incompatible/go.mod h1:8pz2t5EyA70fFQQSrl6XZXzqecmYZeUEB8OUGHkxJ+I=
github.com/golang-sql/civil v0.0.0-20220223132316-b832511892a9 h1:au07oEsX2xN0ktxqI+Sida1w446QrXBRJ0nee3SNZlA=
github.com/golang-sql/sqlexp v0.1.0 h1:ZCD6MBpcuOVfGVqsEmY5/4FtYiKz6tSyUv9LPEDei6A=
github.com/google/uuid v1.6.0 h1:NIvaJDMOsjHA8n1jAhLSgzrAzy1Hgr+hNrb57e+94F0=
github.com/google/uuid v1.6.0/go.mod h1:TIyPZe4MgqvfeYDBFedMoGGpEw/LqOeaOT+nhxU+yHo=
github.com/jackc/pgpassfile v1.0.0 h1:/6Hmqy13Ss2zCq62VdNG8tM1wchn8zjSGOBJ6icpsIM=
github.com/jackc/pgpassfile v1.0.0/go.mod h1:CEx0iS5ambNFdcRtxPj5JhEz+xB6uRky5eyVu/W2HEg=
github.com/jackc/pgservicefile v0.0.0-20221227161230-091c0ba34f0a h1:bbPeKD0xmW/Y25WS6cokEszi5g+S0QxI/d45PkRi7Nk=
github.com/jackc/pgservicefile v0.0.0-20221227161230-091c0ba34f0a/go.mod h1:5TJZWKEWniPve33vlWYSoGYefn3gLQRzjfDlhSJ9ZKM=
github.com/jackc/pgx/v5 v5.5.5 h1:amBjrZVmksIdNjxGW/IiIMzxMKZFelXbUoPNb+8sjQw=
github.com/jackc/pgx/v5 v5.5.5/go.mod h1:ez9gk+OAat140fv9ErkZDYFWmXLfV+++K0uAOiwgm1A=
github.com/jackc/puddle/v2 v2.2.1 h1:RhxXJtFG022u4ibrCSMSiu5aOq1i77R3OHKNJj77OAk=
github.com/jackc/puddle/v2 v2.2.1/go.mod h1:vriiEXHvEE654aYKXXjOvZM39qJ0q+azkZFrfEOc3H4=
github.com/jinzhu/inflection v1.0.0 h1:K317FqzuhWc8YvSVlFMCCUb36O/S9MCKRDI7QkRKD/E=
github.com/jinzhu/inflection v1.0.0/go.mod h1:h+uFLlag+Qp1Va5pdKtLDYj+kHp5pxUVkryuEj+Srlc=
github.com/jinzhu/now v1.1.4/go.mod h1:d3SSVoowX0Lcu0IBviAWJpolVfI5UJVZZ7cO71lE/z8=
github.com/jinzhu/now v1.1.5 h1:/o9tlHleP7gOFmsnYNz3RGnqzefHA47wQpKrrdTIwXQ=
github.com/jinzhu/now v1.1.5/go.mod h1:d3SSVoowX0Lcu0IBviAWJpolVfI5UJVZZ7cO71lE/z8=
github.com/mattn/go-sqlite3 v1.14.15 h1:vfoHhTN1af61xCRSWzFIWzx2YskyMTwHLrExkBOjvxI=
github.com/microsoft/go-mssqldb v0.17.0 h1:Fto83dMZPnYv1Zwx5vHHxpNraeEaUlQ/hhHLgZiaenE=
github.com/pmezard/go-difflib v1.0.0 h1:4DBwDE0NGyQoBHbLQYPwSUPoCMWR5BEzIk/f1lZbAQM=
github.com/pmezard/go-difflib v1.0.0/go.mod h1:iKH77koFhYxTK1pcRnkKkqfTogsbg7gZNVY4sRDYZ/4=
github.com/spurtcms/auth v0.0.2 h1:Vli4zCEOsTwRt5RdVjVpm+IN0llsfVzDFZad5BhL3Qs=
github.com/spurtcms/auth v0.0.2/go.mod h1:1u46UkHWHcsN99jNGCaei0/75rslezIpOGITEhVkvAM=
github.com/spurtcms/auth v0.0.6 h1:mQ4Dk3ghv/zIkjHtEAEl8yF/rrbVeZRIdmnLEmBw/lU=
github.com/spurtcms/auth v0.0.6/go.mod h1:1u46UkHWHcsN99jNGCaei0/75rslezIpOGITEhVkvAM=
github.com/spurtcms/auth v0.0.12 h1:tJIhH/YOdHYEnzMK1HsnmttgZpXZfcLi36Pnbi/QMXk=
github.com/spurtcms/auth v0.0.12/go.mod h1:1u46UkHWHcsN99jNGCaei0/75rslezIpOGITEhVkvAM=
github.com/spurtcms/categories v0.0.3 h1:0ekvcZWd0vOlpavJp7PmE8wCU00VXXVFlg4XSVp839c=
github.com/spurtcms/categories v0.0.3/go.mod h1:NGvMIZDbYNEHl0NJHyiIhloKiqaZXqceywm0B7oqNMA=
github.com/spurtcms/categories v0.0.4 h1:F8i5/8nD4mBEUrzOA/FlNi48dFslEoqR9m+i0mIo3sI=
github.com/spurtcms/categories v0.0.4/go.mod h1:Am2g6yC0zCETXop33UbWCjPheIyyQLZ4pSeCOM7vMyI=
github.com/spurtcms/categories v0.0.12 h1:DdrHZzFYV5M3OyTvW9ROM3nvF9z4WouOQetSCOKf990=
github.com/spurtcms/categories v0.0.12/go.mod h1:jFVS8/EoFV4NvdGHp0v8mxD5uPSjaeXFWGvWrMdUyNY=
github.com/spurtcms/member v0.0.0-20240404121904-b393756a414f h1:z1hJ2TpZv0ClMqfy46aTIWMVnP1lDgLaTR5QzMt5aWA=
github.com/spurtcms/member v0.0.0-20240404121904-b393756a414f/go.mod h1:nAZ7M+buGaygvEuBNS5kx+NKe718Qqi7qWLOmrt47cE=
github.com/spurtcms/member v0.0.7 h1:gZvbWqY0SmRVatBZFCMY9fmA2OPJfozdIWs/NjO5JXs=
github.com/spurtcms/member v0.0.7/go.mod h1:znxAG13AXz6hWDhOWZjidm7VJlTp6KL4Hpwzn0Y9b4k=
github.com/spurtcms/member v0.0.17 h1:sZc0HvwDfUQp8BEJYxia+GGehv91B/7y3tIdqXf0j+o=
github.com/spurtcms/member v0.0.17/go.mod h1:s+LyqAuDZAL9ZGppuvc3JmMaYtI+zOblWQ8R3Fkc9Sw=
github.com/spurtcms/member-access v0.0.0-20240417065557-5d9d2a136a58 h1:pMfkTi/azQqknvR9yQTsToF30pMLYO54Z0IX4YT5d68=
github.com/spurtcms/member-access v0.0.0-20240417065557-5d9d2a136a58/go.mod h1:K5471wn+y+SU1yAEyIZDuyRpZeJcV4iyuJz4XsOz0eg=
github.com/spurtcms/member-access v0.0.1 h1:zD1JfXZK4c+TLkObYJtqOjpN/iKB8WLPWCl30918CLw=
github.com/spurtcms/member-access v0.0.1/go.mod h1:vc22yOy3k2qFI6MjT26Wjxz/Gen1/TEPqDeSoRaCgCA=
github.com/spurtcms/team v0.0.1 h1:Y/22uRLFnM8pKw2l3mplECgm0ZOXkZhZiHLR9WGuUlc=
github.com/spurtcms/team v0.0.1/go.mod h1:F5IVJ07W7OpeNhyfZqAM9cQ4JmIrzU3nUA7jZenR7AA=
github.com/spurtcms/team v0.0.4 h1:s5U1S3HUtoAVytzrpLjwuGhv3CDydTFpblOkBQGjdBk=
github.com/spurtcms/team v0.0.4/go.mod h1:IxnWKN3IN+wSSzu7ntX+YFuQ9HAcCJVdorl1UVHRPpE=
github.com/spurtcms/team v0.0.20 h1:ttTQ19QE8OMUi3+jB8SiNU8tL6qg9i+d1jAl7XrznsA=
github.com/spurtcms/team v0.0.20/go.mod h1:6NgF8kw7pAO1Pb0fWX5wWlwCvBMHp/oOfhAkJinhZFI=
github.com/spurtcms/team-roles v0.0.3 h1:n5IMuW9mI9h1yVRPJcO+pPHl0vsvz1qPn79yCFbfoFA=
github.com/spurtcms/team-roles v0.0.3/go.mod h1:WFP36zjRo6gkKTFrWy6DT/B+Nh/V/1xHTYS7kJcNPGA=
github.com/spurtcms/team-roles v0.0.4 h1:xr1VYl2Lgz1yJH7EigEpReUxgcs87tmTYm7WqhBQXmM=
github.com/spurtcms/team-roles v0.0.4/go.mod h1:WFP36zjRo6gkKTFrWy6DT/B+Nh/V/1xHTYS7kJcNPGA=
github.com/spurtcms/team-roles v0.0.5 h1:cdakl6Hh5Gkl2+YC5h8IpTl5Dcn+mt7cSFMQfHcP1Gg=
github.com/spurtcms/team-roles v0.0.5/go.mod h1:WFP36zjRo6gkKTFrWy6DT/B+Nh/V/1xHTYS7kJcNPGA=
github.com/spurtcms/team-roles v0.0.6 h1:CNrs6KYSLE2pDEHefx3s+Iq43x01HVRkGINDFvb9fU4=
github.com/spurtcms/team-roles v0.0.6/go.mod h1:WFP36zjRo6gkKTFrWy6DT/B+Nh/V/1xHTYS7kJcNPGA=
github.com/spurtcms/team-roles v0.0.8 h1:fLs9RV6JKUbks81W68//CrEQRhJhmcZPldvZWNy/JjY=
github.com/spurtcms/team-roles v0.0.8/go.mod h1:VsXWRXwFMnJCzrC4f08XA5+XMpj7nBnFlklMYXClWHw=
github.com/stretchr/objx v0.1.0/go.mod h1:HFkY916IF+rwdDfMAkV7OtwuqBVzrE8GR6GFx+wExME=
github.com/stretchr/testify v1.3.0/go.mod h1:M5WIy9Dh21IEIfnGCwXGc5bZfKNJtfHm1UVUgZn+9EI=
github.com/stretchr/testify v1.7.0/go.mod h1:6Fq8oRcR53rry900zMqJjRRixrwX3KX962/h/Wwjteg=
github.com/stretchr/testify v1.8.1 h1:w7B6lhMri9wdJUVmEZPGGhZzrYTPvgJArz7wNPgYKsk=
golang.org/x/crypto v0.21.0 h1:X31++rzVUdKhX5sWmSOFZxx8UW/ldWx55cbf08iNAMA=
golang.org/x/crypto v0.21.0/go.mod h1:0BP7YvVV9gBbVKyeTG0Gyn+gZm94bibOW5BjDEYAOMs=
golang.org/x/sync v0.1.0 h1:wsuoTGHzEhffawBOhz5CYhcrV4IdKZbEyZjBMuTp12o=
golang.org/x/sync v0.1.0/go.mod h1:RxMgew5VJxzue5/jJTE5uejpjVlOe/izrB70Jof72aM=
golang.org/x/text v0.14.0 h1:ScX5w1eTa3QqT8oi6+ziP7dTV1S2+ALU0bI+0zXKWiQ=
golang.org/x/text v0.14.0/go.mod h1:18ZOQIKpY8NJVqYksKHtTdi31H5itFRjB5/qKTNYzSU=
gopkg.in/check.v1 v0.0.0-20161208181325-20d25e280405/go.mod h1:Co6ibVJAznAaIkqp8huTwlJQCZ016jof/cbN4VW5Yz0=
gopkg.in/yaml.v3 v3.0.0-20200313102051-9f266ea9e77c/go.mod h1:K4uyk7z7BCEPqu6E+C64Yfv1cQ7kz7rIZviUmN+EgEM=
gopkg.in/yaml.v3 v3.0.1 h1:fxVm/GzAzEWqLHuvctI91KS9hhNmmWOoWu0XTYJS7CA=
gorm.io/datatypes v1.2.0 h1:5YT+eokWdIxhJgWHdrb2zYUimyk0+TaFth+7a0ybzco=
gorm.io/datatypes v1.2.0/go.mod h1:o1dh0ZvjIjhH/bngTpypG6lVRJ5chTBxE09FH/71k04=
gorm.io/driver/mysql v1.4.7 h1:rY46lkCspzGHn7+IYsNpSfEv9tA+SU4SkkB+GFX125Y=
gorm.io/driver/mysql v1.4.7/go.mod h1:SxzItlnT1cb6e1e4ZRpgJN2VYtcqJgqnHxWr4wsP8oc=
gorm.io/driver/postgres v1.5.7 h1:8ptbNJTDbEmhdr62uReG5BGkdQyeasu/FZHxI0IMGnM=
gorm.io/driver/postgres v1.5.7/go.mod h1:3e019WlBaYI5o5LIdNV+LyxCMNtLOQETBXL2h4chKpA=
gorm.io/driver/sqlite v1.4.3 h1:HBBcZSDnWi5BW3B3rwvVTc510KGkBkexlOg0QrmLUuU=
gorm.io/driver/sqlserver v1.4.1 h1:t4r4r6Jam5E6ejqP7N82qAJIJAht27EGT41HyPfXRw0=
gorm.io/gorm v1.23.8/go.mod h1:l2lP/RyAtc1ynaTjFksBde/O8v9oOGIApu2/xRitmZk=
gorm.io/gorm v1.25.9 h1:wct0gxZIELDk8+ZqF/MVnHLkA1rvYlBWUMv2EdsK1g8=
gorm.io/gorm v1.25.9/go.mod h1:hbnx/Oo0ChWMn1BIhpy1oYozzpM15i4YPuHDmfYtwg8=
